
Microsoft Visual Studio Solution File, Format Version 12.00
# Visual Studio 15
VisualStudioVersion = 15.0.27004.2002
MinimumVisualStudioVersion = 10.0.40219.1
Project("{FAE04EC0-301F-11D3-BF4B-00C04F79EFBC}") = "Evernote.DataLayer", "Evernote.DataLayer\Evernote.DataLayer.csproj", "{67FC0A75-DDEE-467C-9B0E-CAD7CE87255F}"
EndProject
Project("{FAE04EC0-301F-11D3-BF4B-00C04F79EFBC}") = "Evernote.DataLayer.Sql", "Evernote.DataLayer.Sql\Evernote.DataLayer.Sql.csproj", "{3E96CAD5-9B66-438B-BC87-8DB7467DEBE1}"
EndProject
Project("{FAE04EC0-301F-11D3-BF4B-00C04F79EFBC}") = "Evernote.DataLayer.Sql.Tests", "Evernote.DataLayer.Sql.Tests\Evernote.DataLayer.Sql.Tests.csproj", "{C66FD490-1F1A-449E-B462-192194AAB39A}"
EndProject
Project("{FAE04EC0-301F-11D3-BF4B-00C04F79EFBC}") = "Evernote.API", "Evernote.API\Evernote.API.csproj", "{EEC56B9E-C468-41BC-8421-8AD852D5AE5A}"
EndProject
Project("{FAE04EC0-301F-11D3-BF4B-00C04F79EFBC}") = "Evernote.Model", "Evernote.Model\Evernote.Model.csproj", "{A981DDD3-7D7C-4A14-9A6E-DA19A5984C11}"
EndProject
Project("{FAE04EC0-301F-11D3-BF4B-00C04F79EFBC}") = "Evernote.Logger", "Evernote.Logger\Evernote.Logger.csproj", "{53C20E08-A170-4B00-B9CF-59B68BA1EB41}"
EndProject
Global
	GlobalSection(SolutionConfigurationPlatforms) = preSolution
		Debug|Any CPU = Debug|Any CPU
		Release|Any CPU = Release|Any CPU
	EndGlobalSection
	GlobalSection(ProjectConfigurationPlatforms) = postSolution
		{67FC0A75-DDEE-467C-9B0E-CAD7CE87255F}.Debug|Any CPU.ActiveCfg = Debug|Any CPU
		{67FC0A75-DDEE-467C-9B0E-CAD7CE87255F}.Debug|Any CPU.Build.0 = Debug|Any CPU
		{67FC0A75-DDEE-467C-9B0E-CAD7CE87255F}.Release|Any CPU.ActiveCfg = Release|Any CPU
		{67FC0A75-DDEE-467C-9B0E-CAD7CE87255F}.Release|Any CPU.Build.0 = Release|Any CPU
		{3E96CAD5-9B66-438B-BC87-8DB7467DEBE1}.Debug|Any CPU.ActiveCfg = Debug|Any CPU
		{3E96CAD5-9B66-438B-BC87-8DB7467DEBE1}.Debug|Any CPU.Build.0 = Debug|Any CPU
		{3E96CAD5-9B66-438B-BC87-8DB7467DEBE1}.Release|Any CPU.ActiveCfg = Release|Any CPU
		{3E96CAD5-9B66-438B-BC87-8DB7467DEBE1}.Release|Any CPU.Build.0 = Release|Any CPU
		{C66FD490-1F1A-449E-B462-192194AAB39A}.Debug|Any CPU.ActiveCfg = Debug|Any CPU
		{C66FD490-1F1A-449E-B462-192194AAB39A}.Debug|Any CPU.Build.0 = Debug|Any CPU
		{C66FD490-1F1A-449E-B462-192194AAB39A}.Release|Any CPU.ActiveCfg = Release|Any CPU
		{C66FD490-1F1A-449E-B462-192194AAB39A}.Release|Any CPU.Build.0 = Release|Any CPU
		{EEC56B9E-C468-41BC-8421-8AD852D5AE5A}.Debug|Any CPU.ActiveCfg = Debug|Any CPU
		{EEC56B9E-C468-41BC-8421-8AD852D5AE5A}.Debug|Any CPU.Build.0 = Debug|Any CPU
		{EEC56B9E-C468-41BC-8421-8AD852D5AE5A}.Release|Any CPU.ActiveCfg = Release|Any CPU
		{EEC56B9E-C468-41BC-8421-8AD852D5AE5A}.Release|Any CPU.Build.0 = Release|Any CPU
		{A981DDD3-7D7C-4A14-9A6E-DA19A5984C11}.Debug|Any CPU.ActiveCfg = Debug|Any CPU
		{A981DDD3-7D7C-4A14-9A6E-DA19A5984C11}.Debug|Any CPU.Build.0 = Debug|Any CPU
		{A981DDD3-7D7C-4A14-9A6E-DA19A5984C11}.Release|Any CPU.ActiveCfg = Release|Any CPU
		{A981DDD3-7D7C-4A14-9A6E-DA19A5984C11}.Release|Any CPU.Build.0 = Release|Any CPU
		{53C20E08-A170-4B00-B9CF-59B68BA1EB41}.Debug|Any CPU.ActiveCfg = Debug|Any CPU
		{53C20E08-A170-4B00-B9CF-59B68BA1EB41}.Debug|Any CPU.Build.0 = Debug|Any CPU
		{53C20E08-A170-4B00-B9CF-59B68BA1EB41}.Release|Any CPU.ActiveCfg = Release|Any CPU
		{53C20E08-A170-4B00-B9CF-59B68BA1EB41}.Release|Any CPU.Build.0 = Release|Any CPU
	EndGlobalSection
	GlobalSection(SolutionProperties) = preSolution
		HideSolutionNode = FALSE
	EndGlobalSection
	GlobalSection(ExtensibilityGlobals) = postSolution
		SolutionGuid = {6E9BF9DD-B1A6-4AD2-B399-55CF1919E80E}
	EndGlobalSection
EndGlobal
